
Microsoft Visual Studio Solution File, Format Version 12.00
# Visual Studio Version 16
VisualStudioVersion = 16.0.31025.194
MinimumVisualStudioVersion = 10.0.40219.1
Project("{FAE04EC0-301F-11D3-BF4B-00C04F79EFBC}") = "TuyamaKeyPresser", "TuyamaKeyPresser\TuyamaKeyPresser.csproj", "{301B8CA4-70E0-4C19-A38E-CC0A39BD3B90}"
EndProject
Global
	GlobalSection(SolutionConfigurationPlatforms) = preSolution
		Debug|Any CPU = Debug|Any CPU
		Release|Any CPU = Release|Any CPU
	EndGlobalSection
	GlobalSection(ProjectConfigurationPlatforms) = postSolution
		{301B8CA4-70E0-4C19-A38E-CC0A39BD3B90}.Debug|Any CPU.ActiveCfg = Debug|Any CPU
		{301B8CA4-70E0-4C19-A38E-CC0A39BD3B90}.Debug|Any CPU.Build.0 = Debug|Any CPU
		{301B8CA4-70E0-4C19-A38E-CC0A39BD3B90}.Release|Any CPU.ActiveCfg = Release|Any CPU
		{301B8CA4-70E0-4C19-A38E-CC0A39BD3B90}.Release|Any CPU.Build.0 = Release|Any CPU
	EndGlobalSection
	GlobalSection(SolutionProperties) = preSolution
		HideSolutionNode = FALSE
	EndGlobalSection
	GlobalSection(ExtensibilityGlobals) = postSolution
		SolutionGuid = {D1D03792-9676-46D1-A6F5-F9EE557BAD1B}
	EndGlobalSection
EndGlobal
